
Microsoft Visual Studio Solution File, Format Version 12.00
# Visual Studio 15
VisualStudioVersion = 15.0.28307.1831
MinimumVisualStudioVersion = 10.0.40219.1
Project("{FAE04EC0-301F-11D3-BF4B-00C04F79EFBC}") = "bgt_ntp_10_05_3", "bgt_ntp_10_05_3\bgt_ntp_10_05_3.csproj", "{886BB757-C1F7-4862-93EE-DF6007B6C3DE}"
EndProject
Global
	GlobalSection(SolutionConfigurationPlatforms) = preSolution
		Debug|Any CPU = Debug|Any CPU
		Release|Any CPU = Release|Any CPU
	EndGlobalSection
	GlobalSection(ProjectConfigurationPlatforms) = postSolution
		{886BB757-C1F7-4862-93EE-DF6007B6C3DE}.Debug|Any CPU.ActiveCfg = Debug|Any CPU
		{886BB757-C1F7-4862-93EE-DF6007B6C3DE}.Debug|Any CPU.Build.0 = Debug|Any CPU
		{886BB757-C1F7-4862-93EE-DF6007B6C3DE}.Release|Any CPU.ActiveCfg = Release|Any CPU
		{886BB757-C1F7-4862-93EE-DF6007B6C3DE}.Release|Any CPU.Build.0 = Release|Any CPU
	EndGlobalSection
	GlobalSection(SolutionProperties) = preSolution
		HideSolutionNode = FALSE
	EndGlobalSection
	GlobalSection(ExtensibilityGlobals) = postSolution
		SolutionGuid = {825C3D23-29AF-4BEC-BC83-77E6FB16F4DD}
	EndGlobalSection
EndGlobal
